
Microsoft Visual Studio Solution File, Format Version 12.00
# Visual Studio 2013
VisualStudioVersion = 12.0.21005.1
MinimumVisualStudioVersion = 10.0.40219.1
Project("{2150E333-8FDC-42A3-9474-1A3956D46DE8}") = "SQLDatabase", "SQLDatabase", "{33E6CE32-69E2-4BAA-A55C-925391798198}"
EndProject
Project("{2150E333-8FDC-42A3-9474-1A3956D46DE8}") = "ServiceBus", "ServiceBus", "{85B24A29-2372-4E47-9316-5F6162F83AA1}"
EndProject
Project("{FAE04EC0-301F-11D3-BF4B-00C04F79EFBC}") = "HelloWorld", "ServiceBus\HelloWorld\HelloWorld.csproj", "{10AEC42F-0682-4CD9-92C6-5E8CAB891DBD}"
EndProject
Project("{FAE04EC0-301F-11D3-BF4B-00C04F79EFBC}") = "HelloWorld", "SQLDatabase\HelloWorld\HelloWorld.csproj", "{96E659EC-7A80-4133-9492-56F09DB71D7E}"
EndProject
Project("{2150E333-8FDC-42A3-9474-1A3956D46DE8}") = "WindowsAzureStorage", "WindowsAzureStorage", "{318225CE-5186-4326-8977-AA21C217411C}"
EndProject
Project("{FAE04EC0-301F-11D3-BF4B-00C04F79EFBC}") = "TableStorageDemo", "WindowsAzureStorage\TableStorageDemo\TableStorageDemo.csproj", "{F055C91C-C955-46FA-A67A-8CE62DC98330}"
EndProject
Project("{FAE04EC0-301F-11D3-BF4B-00C04F79EFBC}") = "BlobStorageDemo", "WindowsAzureStorage\BlobStorageDemo\BlobStorageDemo.csproj", "{BCE8FE6F-F50A-4F05-9FB8-33DB607EAB0D}"
EndProject
Project("{FAE04EC0-301F-11D3-BF4B-00C04F79EFBC}") = "QueueStorageDemo", "WindowsAzureStorage\QueueStorageDemo\QueueStorageDemo.csproj", "{3D27139B-B082-4551-97FE-747B5E3A7ABC}"
EndProject
Global
	GlobalSection(SolutionConfigurationPlatforms) = preSolution
		Debug|Any CPU = Debug|Any CPU
		Release|Any CPU = Release|Any CPU
	EndGlobalSection
	GlobalSection(ProjectConfigurationPlatforms) = postSolution
		{10AEC42F-0682-4CD9-92C6-5E8CAB891DBD}.Debug|Any CPU.ActiveCfg = Debug|Any CPU
		{10AEC42F-0682-4CD9-92C6-5E8CAB891DBD}.Debug|Any CPU.Build.0 = Debug|Any CPU
		{10AEC42F-0682-4CD9-92C6-5E8CAB891DBD}.Release|Any CPU.ActiveCfg = Release|Any CPU
		{10AEC42F-0682-4CD9-92C6-5E8CAB891DBD}.Release|Any CPU.Build.0 = Release|Any CPU
		{96E659EC-7A80-4133-9492-56F09DB71D7E}.Debug|Any CPU.ActiveCfg = Debug|Any CPU
		{96E659EC-7A80-4133-9492-56F09DB71D7E}.Debug|Any CPU.Build.0 = Debug|Any CPU
		{96E659EC-7A80-4133-9492-56F09DB71D7E}.Release|Any CPU.ActiveCfg = Release|Any CPU
		{96E659EC-7A80-4133-9492-56F09DB71D7E}.Release|Any CPU.Build.0 = Release|Any CPU
		{F055C91C-C955-46FA-A67A-8CE62DC98330}.Debug|Any CPU.ActiveCfg = Debug|Any CPU
		{F055C91C-C955-46FA-A67A-8CE62DC98330}.Debug|Any CPU.Build.0 = Debug|Any CPU
		{F055C91C-C955-46FA-A67A-8CE62DC98330}.Release|Any CPU.ActiveCfg = Release|Any CPU
		{F055C91C-C955-46FA-A67A-8CE62DC98330}.Release|Any CPU.Build.0 = Release|Any CPU
		{BCE8FE6F-F50A-4F05-9FB8-33DB607EAB0D}.Debug|Any CPU.ActiveCfg = Debug|Any CPU
		{BCE8FE6F-F50A-4F05-9FB8-33DB607EAB0D}.Debug|Any CPU.Build.0 = Debug|Any CPU
		{BCE8FE6F-F50A-4F05-9FB8-33DB607EAB0D}.Release|Any CPU.ActiveCfg = Release|Any CPU
		{BCE8FE6F-F50A-4F05-9FB8-33DB607EAB0D}.Release|Any CPU.Build.0 = Release|Any CPU
		{3D27139B-B082-4551-97FE-747B5E3A7ABC}.Debug|Any CPU.ActiveCfg = Debug|Any CPU
		{3D27139B-B082-4551-97FE-747B5E3A7ABC}.Debug|Any CPU.Build.0 = Debug|Any CPU
		{3D27139B-B082-4551-97FE-747B5E3A7ABC}.Release|Any CPU.ActiveCfg = Release|Any CPU
		{3D27139B-B082-4551-97FE-747B5E3A7ABC}.Release|Any CPU.Build.0 = Release|Any CPU
	EndGlobalSection
	GlobalSection(SolutionProperties) = preSolution
		HideSolutionNode = FALSE
	EndGlobalSection
	GlobalSection(NestedProjects) = preSolution
		{96E659EC-7A80-4133-9492-56F09DB71D7E} = {33E6CE32-69E2-4BAA-A55C-925391798198}
		{10AEC42F-0682-4CD9-92C6-5E8CAB891DBD} = {85B24A29-2372-4E47-9316-5F6162F83AA1}
		{F055C91C-C955-46FA-A67A-8CE62DC98330} = {318225CE-5186-4326-8977-AA21C217411C}
		{BCE8FE6F-F50A-4F05-9FB8-33DB607EAB0D} = {318225CE-5186-4326-8977-AA21C217411C}
		{3D27139B-B082-4551-97FE-747B5E3A7ABC} = {318225CE-5186-4326-8977-AA21C217411C}
	EndGlobalSection
EndGlobal
