
Microsoft Visual Studio Solution File, Format Version 12.00
# Visual Studio 2013
VisualStudioVersion = 12.0.21005.1
MinimumVisualStudioVersion = 10.0.40219.1
Project("{2150E333-8FDC-42A3-9474-1A3956D46DE8}") = "SQLDatabase", "SQLDatabase", "{33E6CE32-69E2-4BAA-A55C-925391798198}"
EndProject
Project("{2150E333-8FDC-42A3-9474-1A3956D46DE8}") = "ServiceBus", "ServiceBus", "{85B24A29-2372-4E47-9316-5F6162F83AA1}"
EndProject
Project("{FAE04EC0-301F-11D3-BF4B-00C04F79EFBC}") = "HelloWorld", "ServiceBus\HelloWorld\HelloWorld.csproj", "{10AEC42F-0682-4CD9-92C6-5E8CAB891DBD}"
EndProject
Project("{FAE04EC0-301F-11D3-BF4B-00C04F79EFBC}") = "HelloWorld", "SQLDatabase\HelloWorld\HelloWorld.csproj", "{96E659EC-7A80-4133-9492-56F09DB71D7E}"
EndProject
Global
	GlobalSection(SolutionConfigurationPlatforms) = preSolution
		Debug|Any CPU = Debug|Any CPU
		Release|Any CPU = Release|Any CPU
	EndGlobalSection
	GlobalSection(ProjectConfigurationPlatforms) = postSolution
		{10AEC42F-0682-4CD9-92C6-5E8CAB891DBD}.Debug|Any CPU.ActiveCfg = Debug|Any CPU
		{10AEC42F-0682-4CD9-92C6-5E8CAB891DBD}.Debug|Any CPU.Build.0 = Debug|Any CPU
		{10AEC42F-0682-4CD9-92C6-5E8CAB891DBD}.Release|Any CPU.ActiveCfg = Release|Any CPU
		{10AEC42F-0682-4CD9-92C6-5E8CAB891DBD}.Release|Any CPU.Build.0 = Release|Any CPU
		{96E659EC-7A80-4133-9492-56F09DB71D7E}.Debug|Any CPU.ActiveCfg = Debug|Any CPU
		{96E659EC-7A80-4133-9492-56F09DB71D7E}.Debug|Any CPU.Build.0 = Debug|Any CPU
		{96E659EC-7A80-4133-9492-56F09DB71D7E}.Release|Any CPU.ActiveCfg = Release|Any CPU
		{96E659EC-7A80-4133-9492-56F09DB71D7E}.Release|Any CPU.Build.0 = Release|Any CPU
	EndGlobalSection
	GlobalSection(SolutionProperties) = preSolution
		HideSolutionNode = FALSE
	EndGlobalSection
	GlobalSection(NestedProjects) = preSolution
		{96E659EC-7A80-4133-9492-56F09DB71D7E} = {33E6CE32-69E2-4BAA-A55C-925391798198}
		{10AEC42F-0682-4CD9-92C6-5E8CAB891DBD} = {85B24A29-2372-4E47-9316-5F6162F83AA1}
	EndGlobalSection
EndGlobal
